// !$*UTF8*$!
{
	archiveVersion = 1;
	classes = {
	};
	objectVersion = 55;
	objects = {

/* Begin PBXBuildFile section */
		A0340DFF27E0F723003AE325 /* NetworkManager.swift in Sources */ = {isa = PBXBuildFile; fileRef = A0340DFE27E0F723003AE325 /* NetworkManager.swift */; };
		A06E442327C558FF001E46AD /* AppDelegate.swift in Sources */ = {isa = PBXBuildFile; fileRef = A06E442227C558FF001E46AD /* AppDelegate.swift */; };
		A06E442527C558FF001E46AD /* SceneDelegate.swift in Sources */ = {isa = PBXBuildFile; fileRef = A06E442427C558FF001E46AD /* SceneDelegate.swift */; };
		A06E442727C558FF001E46AD /* ViewController.swift in Sources */ = {isa = PBXBuildFile; fileRef = A06E442627C558FF001E46AD /* ViewController.swift */; };
		A06E442A27C558FF001E46AD /* Main.storyboard in Resources */ = {isa = PBXBuildFile; fileRef = A06E442827C558FF001E46AD /* Main.storyboard */; };
		A06E442C27C55901001E46AD /* Assets.xcassets in Resources */ = {isa = PBXBuildFile; fileRef = A06E442B27C55901001E46AD /* Assets.xcassets */; };
		A06E442F27C55901001E46AD /* LaunchScreen.storyboard in Resources */ = {isa = PBXBuildFile; fileRef = A06E442D27C55901001E46AD /* LaunchScreen.storyboard */; };
		A090CDA427FC9D760030E8A6 /* Adj.swift in Sources */ = {isa = PBXBuildFile; fileRef = A090CDA327FC9D760030E8A6 /* Adj.swift */; };
		A09B3CF127CABADE0006C576 /* SavedController.swift in Sources */ = {isa = PBXBuildFile; fileRef = A09B3CF027CABADE0006C576 /* SavedController.swift */; };
		A09B3CF327CABC170006C576 /* DetailViewController.swift in Sources */ = {isa = PBXBuildFile; fileRef = A09B3CF227CABC170006C576 /* DetailViewController.swift */; };
		A0DD527B27DA6CC100DAED9E /* Verb.swift in Sources */ = {isa = PBXBuildFile; fileRef = A0DD527A27DA6CC000DAED9E /* Verb.swift */; };
/* End PBXBuildFile section */

/* Begin PBXFileReference section */
		A0340DFE27E0F723003AE325 /* NetworkManager.swift */ = {isa = PBXFileReference; lastKnownFileType = sourcecode.swift; path = NetworkManager.swift; sourceTree = "<group>"; };
		A06E441F27C558FF001E46AD /* T'idioms.app */ = {isa = PBXFileReference; explicitFileType = wrapper.application; includeInIndex = 0; path = "T'idioms.app"; sourceTree = BUILT_PRODUCTS_DIR; };
		A06E442227C558FF001E46AD /* AppDelegate.swift */ = {isa = PBXFileReference; lastKnownFileType = sourcecode.swift; path = AppDelegate.swift; sourceTree = "<group>"; };
		A06E442427C558FF001E46AD /* SceneDelegate.swift */ = {isa = PBXFileReference; lastKnownFileType = sourcecode.swift; path = SceneDelegate.swift; sourceTree = "<group>"; };
		A06E442627C558FF001E46AD /* ViewController.swift */ = {isa = PBXFileReference; lastKnownFileType = sourcecode.swift; path = ViewController.swift; sourceTree = "<group>"; };
		A06E442927C558FF001E46AD /* Base */ = {isa = PBXFileReference; lastKnownFileType = file.storyboard; name = Base; path = Base.lproj/Main.storyboard; sourceTree = "<group>"; };
		A06E442B27C55901001E46AD /* Assets.xcassets */ = {isa = PBXFileReference; lastKnownFileType = folder.assetcatalog; path = Assets.xcassets; sourceTree = "<group>"; };
		A06E442E27C55901001E46AD /* Base */ = {isa = PBXFileReference; lastKnownFileType = file.storyboard; name = Base; path = Base.lproj/LaunchScreen.storyboard; sourceTree = "<group>"; };
		A06E443027C55901001E46AD /* Info.plist */ = {isa = PBXFileReference; lastKnownFileType = text.plist.xml; path = Info.plist; sourceTree = "<group>"; };
		A090CDA327FC9D760030E8A6 /* Adj.swift */ = {isa = PBXFileReference; lastKnownFileType = sourcecode.swift; path = Adj.swift; sourceTree = "<group>"; };
		A09B3CF027CABADE0006C576 /* SavedController.swift */ = {isa = PBXFileReference; lastKnownFileType = sourcecode.swift; path = SavedController.swift; sourceTree = "<group>"; };
		A09B3CF227CABC170006C576 /* DetailViewController.swift */ = {isa = PBXFileReference; lastKnownFileType = sourcecode.swift; path = DetailViewController.swift; sourceTree = "<group>"; };
		A0DD527A27DA6CC000DAED9E /* Verb.swift */ = {isa = PBXFileReference; lastKnownFileType = sourcecode.swift; path = Verb.swift; sourceTree = "<group>"; };
/* End PBXFileReference section */

/* Begin PBXFrameworksBuildPhase section */
		A06E441C27C558FF001E46AD /* Frameworks */ = {
			isa = PBXFrameworksBuildPhase;
			buildActionMask = 2147483647;
			files = (
			);
			runOnlyForDeploymentPostprocessing = 0;
		};
/* End PBXFrameworksBuildPhase section */

/* Begin PBXGroup section */
		A06E441627C558FF001E46AD = {
			isa = PBXGroup;
			children = (
				A06E442127C558FF001E46AD /* T'idioms */,
				A06E442027C558FF001E46AD /* Products */,
			);
			sourceTree = "<group>";
		};
		A06E442027C558FF001E46AD /* Products */ = {
			isa = PBXGroup;
			children = (
				A06E441F27C558FF001E46AD /* T'idioms.app */,
			);
			name = Products;
			sourceTree = "<group>";
		};
		A06E442127C558FF001E46AD /* T'idioms */ = {
			isa = PBXGroup;
			children = (
				A06E442227C558FF001E46AD /* AppDelegate.swift */,
				A06E442427C558FF001E46AD /* SceneDelegate.swift */,
				A06E442627C558FF001E46AD /* ViewController.swift */,
				A090CDA327FC9D760030E8A6 /* Adj.swift */,
				A0340DFE27E0F723003AE325 /* NetworkManager.swift */,
				A06E442827C558FF001E46AD /* Main.storyboard */,
				A09B3CF027CABADE0006C576 /* SavedController.swift */,
				A09B3CF227CABC170006C576 /* DetailViewController.swift */,
				A06E442B27C55901001E46AD /* Assets.xcassets */,
				A06E442D27C55901001E46AD /* LaunchScreen.storyboard */,
				A06E443027C55901001E46AD /* Info.plist */,
				A0DD527A27DA6CC000DAED9E /* Verb.swift */,
			);
			path = "T'idioms";
			sourceTree = "<group>";
		};
/* End PBXGroup section */

/* Begin PBXNativeTarget section */
		A06E441E27C558FF001E46AD /* T'idioms */ = {
			isa = PBXNativeTarget;
			buildConfigurationList = A06E443327C55901001E46AD /* Build configuration list for PBXNativeTarget "T'idioms" */;
			buildPhases = (
				A06E441B27C558FF001E46AD /* Sources */,
				A06E441C27C558FF001E46AD /* Frameworks */,
				A06E441D27C558FF001E46AD /* Resources */,
			);
			buildRules = (
			);
			dependencies = (
			);
			name = "T'idioms";
			productName = "T'idioms";
			productReference = A06E441F27C558FF001E46AD /* T'idioms.app */;
			productType = "com.apple.product-type.application";
		};
/* End PBXNativeTarget section */

/* Begin PBXProject section */
		A06E441727C558FF001E46AD /* Project object */ = {
			isa = PBXProject;
			attributes = {
				BuildIndependentTargetsInParallel = 1;
				LastSwiftUpdateCheck = 1320;
				LastUpgradeCheck = 1320;
				TargetAttributes = {
					A06E441E27C558FF001E46AD = {
						CreatedOnToolsVersion = 13.2.1;
					};
				};
			};
			buildConfigurationList = A06E441A27C558FF001E46AD /* Build configuration list for PBXProject "T'idioms" */;
			compatibilityVersion = "Xcode 13.0";
			developmentRegion = en;
			hasScannedForEncodings = 0;
			knownRegions = (
				en,
				Base,
			);
			mainGroup = A06E441627C558FF001E46AD;
			productRefGroup = A06E442027C558FF001E46AD /* Products */;
			projectDirPath = "";
			projectRoot = "";
			targets = (
				A06E441E27C558FF001E46AD /* T'idioms */,
			);
		};
/* End PBXProject section */

/* Begin PBXResourcesBuildPhase section */
		A06E441D27C558FF001E46AD /* Resources */ = {
			isa = PBXResourcesBuildPhase;
			buildActionMask = 2147483647;
			files = (
				A06E442F27C55901001E46AD /* LaunchScreen.storyboard in Resources */,
				A06E442C27C55901001E46AD /* Assets.xcassets in Resources */,
				A06E442A27C558FF001E46AD /* Main.storyboard in Resources */,
			);
			runOnlyForDeploymentPostprocessing = 0;
		};
/* End PBXResourcesBuildPhase section */

/* Begin PBXSourcesBuildPhase section */
		A06E441B27C558FF001E46AD /* Sources */ = {
			isa = PBXSourcesBuildPhase;
			buildActionMask = 2147483647;
			files = (
				A0DD527B27DA6CC100DAED9E /* Verb.swift in Sources */,
				A06E442727C558FF001E46AD /* ViewController.swift in Sources */,
				A06E442327C558FF001E46AD /* AppDelegate.swift in Sources */,
				A090CDA427FC9D760030E8A6 /* Adj.swift in Sources */,
				A0340DFF27E0F723003AE325 /* NetworkManager.swift in Sources */,
				A09B3CF327CABC170006C576 /* DetailViewController.swift in Sources */,
				A06E442527C558FF001E46AD /* SceneDelegate.swift in Sources */,
				A09B3CF127CABADE0006C576 /* SavedController.swift in Sources */,
			);
			runOnlyForDeploymentPostprocessing = 0;
		};
/* End PBXSourcesBuildPhase section */

/* Begin PBXVariantGroup section */
		A06E442827C558FF001E46AD /* Main.storyboard */ = {
			isa = PBXVariantGroup;
			children = (
				A06E442927C558FF001E46AD /* Base */,
			);
			name = Main.storyboard;
			sourceTree = "<group>";
		};
		A06E442D27C55901001E46AD /* LaunchScreen.storyboard */ = {
			isa = PBXVariantGroup;
			children = (
				A06E442E27C55901001E46AD /* Base */,
			);
			name = LaunchScreen.storyboard;
			sourceTree = "<group>";
		};
/* End PBXVariantGroup section */

/* Begin XCBuildConfiguration section */
		A06E443127C55901001E46AD /* Debug */ = {
			isa = XCBuildConfiguration;
			buildSettings = {
				ALWAYS_SEARCH_USER_PATHS = NO;
				CLANG_ANALYZER_NONNULL = YES;
				CLANG_ANALYZER_NUMBER_OBJECT_CONVERSION = YES_AGGRESSIVE;
				CLANG_CXX_LANGUAGE_STANDARD = "gnu++17";
				CLANG_CXX_LIBRARY = "libc++";
				CLANG_ENABLE_MODULES = YES;
				CLANG_ENABLE_OBJC_ARC = YES;
				CLANG_ENABLE_OBJC_WEAK = YES;
				CLANG_WARN_BLOCK_CAPTURE_AUTORELEASING = YES;
				CLANG_WARN_BOOL_CONVERSION = YES;
				CLANG_WARN_COMMA = YES;
				CLANG_WARN_CONSTANT_CONVERSION = YES;
				CLANG_WARN_DEPRECATED_OBJC_IMPLEMENTATIONS = YES;
				CLANG_WARN_DIRECT_OBJC_ISA_USAGE = YES_ERROR;
				CLANG_WARN_DOCUMENTATION_COMMENTS = YES;
				CLANG_WARN_EMPTY_BODY = YES;
				CLANG_WARN_ENUM_CONVERSION = YES;
				CLANG_WARN_INFINITE_RECURSION = YES;
				CLANG_WARN_INT_CONVERSION = YES;
				CLANG_WARN_NON_LITERAL_NULL_CONVERSION = YES;
				CLANG_WARN_OBJC_IMPLICIT_RETAIN_SELF = YES;
				CLANG_WARN_OBJC_LITERAL_CONVERSION = YES;
				CLANG_WARN_OBJC_ROOT_CLASS = YES_ERROR;
				CLANG_WARN_QUOTED_INCLUDE_IN_FRAMEWORK_HEADER = YES;
				CLANG_WARN_RANGE_LOOP_ANALYSIS = YES;
				CLANG_WARN_STRICT_PROTOTYPES = YES;
				CLANG_WARN_SUSPICIOUS_MOVE = YES;
				CLANG_WARN_UNGUARDED_AVAILABILITY = YES_AGGRESSIVE;
				CLANG_WARN_UNREACHABLE_CODE = YES;
				CLANG_WARN__DUPLICATE_METHOD_MATCH = YES;
				COPY_PHASE_STRIP = NO;
				DEBUG_INFORMATION_FORMAT = dwarf;
				ENABLE_STRICT_OBJC_MSGSEND = YES;
				ENABLE_TESTABILITY = YES;
				GCC_C_LANGUAGE_STANDARD = gnu11;
				GCC_DYNAMIC_NO_PIC = NO;
				GCC_NO_COMMON_BLOCKS = YES;
				GCC_OPTIMIZATION_LEVEL = 0;
				GCC_PREPROCESSOR_DEFINITIONS = (
					"DEBUG=1",
					"$(inherited)",
				);
				GCC_WARN_64_TO_32_BIT_CONVERSION = YES;
				GCC_WARN_ABOUT_RETURN_TYPE = YES_ERROR;
				GCC_WARN_UNDECLARED_SELECTOR = YES;
				GCC_WARN_UNINITIALIZED_AUTOS = YES_AGGRESSIVE;
				GCC_WARN_UNUSED_FUNCTION = YES;
				GCC_WARN_UNUSED_VARIABLE = YES;
				IPHONEOS_DEPLOYMENT_TARGET = 15.2;
				MTL_ENABLE_DEBUG_INFO = INCLUDE_SOURCE;
				MTL_FAST_MATH = YES;
				ONLY_ACTIVE_ARCH = YES;
				SDKROOT = iphoneos;
				SWIFT_ACTIVE_COMPILATION_CONDITIONS = DEBUG;
				SWIFT_OPTIMIZATION_LEVEL = "-Onone";
			};
			name = Debug;
		};
		A06E443227C55901001E46AD /* Release */ = {
			isa = XCBuildConfiguration;
			buildSettings = {
				ALWAYS_SEARCH_USER_PATHS = NO;
				CLANG_ANALYZER_NONNULL = YES;
				CLANG_ANALYZER_NUMBER_OBJECT_CONVERSION = YES_AGGRESSIVE;
				CLANG_CXX_LANGUAGE_STANDARD = "gnu++17";
				CLANG_CXX_LIBRARY = "libc++";
				CLANG_ENABLE_MODULES = YES;
				CLANG_ENABLE_OBJC_ARC = YES;
				CLANG_ENABLE_OBJC_WEAK = YES;
				CLANG_WARN_BLOCK_CAPTURE_AUTORELEASING = YES;
				CLANG_WARN_BOOL_CONVERSION = YES;
				CLANG_WARN_COMMA = YES;
				CLANG_WARN_CONSTANT_CONVERSION = YES;
				CLANG_WARN_DEPRECATED_OBJC_IMPLEMENTATIONS = YES;
				CLANG_WARN_DIRECT_OBJC_ISA_USAGE = YES_ERROR;
				CLANG_WARN_DOCUMENTATION_COMMENTS = YES;
				CLANG_WARN_EMPTY_BODY = YES;
				CLANG_WARN_ENUM_CONVERSION = YES;
				CLANG_WARN_INFINITE_RECURSION = YES;
				CLANG_WARN_INT_CONVERSION = YES;
				CLANG_WARN_NON_LITERAL_NULL_CONVERSION = YES;
				CLANG_WARN_OBJC_IMPLICIT_RETAIN_SELF = YES;
				CLANG_WARN_OBJC_LITERAL_CONVERSION = YES;
				CLANG_WARN_OBJC_ROOT_CLASS = YES_ERROR;
				CLANG_WARN_QUOTED_INCLUDE_IN_FRAMEWORK_HEADER = YES;
				CLANG_WARN_RANGE_LOOP_ANALYSIS = YES;
				CLANG_WARN_STRICT_PROTOTYPES = YES;
				CLANG_WARN_SUSPICIOUS_MOVE = YES;
				CLANG_WARN_UNGUARDED_AVAILABILITY = YES_AGGRESSIVE;
				CLANG_WARN_UNREACHABLE_CODE = YES;
				CLANG_WARN__DUPLICATE_METHOD_MATCH = YES;
				COPY_PHASE_STRIP = NO;
				DEBUG_INFORMATION_FORMAT = "dwarf-with-dsym";
				ENABLE_NS_ASSERTIONS = NO;
				ENABLE_STRICT_OBJC_MSGSEND = YES;
				GCC_C_LANGUAGE_STANDARD = gnu11;
				GCC_NO_COMMON_BLOCKS = YES;
				GCC_WARN_64_TO_32_BIT_CONVERSION = YES;
				GCC_WARN_ABOUT_RETURN_TYPE = YES_ERROR;
				GCC_WARN_UNDECLARED_SELECTOR = YES;
				GCC_WARN_UNINITIALIZED_AUTOS = YES_AGGRESSIVE;
				GCC_WARN_UNUSED_FUNCTION = YES;
				GCC_WARN_UNUSED_VARIABLE = YES;
				IPHONEOS_DEPLOYMENT_TARGET = 15.2;
				MTL_ENABLE_DEBUG_INFO = NO;
				MTL_FAST_MATH = YES;
				SDKROOT = iphoneos;
				SWIFT_COMPILATION_MODE = wholemodule;
				SWIFT_OPTIMIZATION_LEVEL = "-O";
				VALIDATE_PRODUCT = YES;
			};
			name = Release;
		};
		A06E443427C55901001E46AD /* Debug */ = {
			isa = XCBuildConfiguration;
			buildSettings = {
				ASSETCATALOG_COMPILER_APPICON_NAME = AppIcon;
				ASSETCATALOG_COMPILER_GLOBAL_ACCENT_COLOR_NAME = AccentColor;
				CODE_SIGN_STYLE = Automatic;
				CURRENT_PROJECT_VERSION = 1;
				DEVELOPMENT_TEAM = 47QWB2H66K;
				GENERATE_INFOPLIST_FILE = YES;
				INFOPLIST_FILE = "T'idioms/Info.plist";
				INFOPLIST_KEY_UIApplicationSupportsIndirectInputEvents = YES;
				INFOPLIST_KEY_UILaunchStoryboardName = LaunchScreen;
				INFOPLIST_KEY_UIMainStoryboardFile = Main;
				INFOPLIST_KEY_UISupportedInterfaceOrientations = UIInterfaceOrientationPortrait;
				INFOPLIST_KEY_UISupportedInterfaceOrientations_iPad = "UIInterfaceOrientationPortrait UIInterfaceOrientationPortraitUpsideDown UIInterfaceOrientationLandscapeLeft UIInterfaceOrientationLandscapeRight";
				INFOPLIST_KEY_UISupportedInterfaceOrientations_iPhone = "UIInterfaceOrientationPortrait UIInterfaceOrientationLandscapeLeft UIInterfaceOrientationLandscapeRight";
				LD_RUNPATH_SEARCH_PATHS = (
					"$(inherited)",
					"@executable_path/Frameworks",
				);
				MARKETING_VERSION = 1.0;
				PRODUCT_BUNDLE_IDENTIFIER = "com.jackpaul.T-idioms";
				PRODUCT_NAME = "$(TARGET_NAME)";
				SWIFT_EMIT_LOC_STRINGS = YES;
				SWIFT_VERSION = 5.0;
				TARGETED_DEVICE_FAMILY = "1,2";
			};
			name = Debug;
		};
		A06E443527C55901001E46AD /* Release */ = {
			isa = XCBuildConfiguration;
			buildSettings = {
				ASSETCATALOG_COMPILER_APPICON_NAME = AppIcon;
				ASSETCATALOG_COMPILER_GLOBAL_ACCENT_COLOR_NAME = AccentColor;
				CODE_SIGN_STYLE = Automatic;
				CURRENT_PROJECT_VERSION = 1;
				DEVELOPMENT_TEAM = 47QWB2H66K;
				GENERATE_INFOPLIST_FILE = YES;
				INFOPLIST_FILE = "T'idioms/Info.plist";
				INFOPLIST_KEY_UIApplicationSupportsIndirectInputEvents = YES;
				INFOPLIST_KEY_UILaunchStoryboardName = LaunchScreen;
				INFOPLIST_KEY_UIMainStoryboardFile = Main;
				INFOPLIST_KEY_UISupportedInterfaceOrientations = UIInterfaceOrientationPortrait;
				INFOPLIST_KEY_UISupportedInterfaceOrientations_iPad = "UIInterfaceOrientationPortrait UIInterfaceOrientationPortraitUpsideDown UIInterfaceOrientationLandscapeLeft UIInterfaceOrientationLandscapeRight";
				INFOPLIST_KEY_UISupportedInterfaceOrientations_iPhone = "UIInterfaceOrientationPortrait UIInterfaceOrientationLandscapeLeft UIInterfaceOrientationLandscapeRight";
				LD_RUNPATH_SEARCH_PATHS = (
					"$(inherited)",
					"@executable_path/Frameworks",
				);
				MARKETING_VERSION = 1.0;
				PRODUCT_BUNDLE_IDENTIFIER = "com.jackpaul.T-idioms";
				PRODUCT_NAME = "$(TARGET_NAME)";
				SWIFT_EMIT_LOC_STRINGS = YES;
				SWIFT_VERSION = 5.0;
				TARGETED_DEVICE_FAMILY = "1,2";
			};
			name = Release;
		};
/* End XCBuildConfiguration section */

/* Begin XCConfigurationList section */
		A06E441A27C558FF001E46AD /* Build configuration list for PBXProject "T'idioms" */ = {
			isa = XCConfigurationList;
			buildConfigurations = (
				A06E443127C55901001E46AD /* Debug */,
				A06E443227C55901001E46AD /* Release */,
			);
			defaultConfigurationIsVisible = 0;
			defaultConfigurationName = Release;
		};
		A06E443327C55901001E46AD /* Build configuration list for PBXNativeTarget "T'idioms" */ = {
			isa = XCConfigurationList;
			buildConfigurations = (
				A06E443427C55901001E46AD /* Debug */,
				A06E443527C55901001E46AD /* Release */,
			);
			defaultConfigurationIsVisible = 0;
			defaultConfigurationName = Release;
		};
/* End XCConfigurationList section */
	};
	rootObject = A06E441727C558FF001E46AD /* Project object */;
}
